
Microsoft Visual Studio Solution File, Format Version 12.00
# Visual Studio Version 17
VisualStudioVersion = 17.5.002.0
MinimumVisualStudioVersion = 10.0.40219.1
Project("{9A19103F-16F7-4668-BE54-9A1E7A4F7556}") = "CodingEvents", "CodingEvents.csproj", "{813085E9-F42C-4BFD-AC57-D264FDAC2468}"
EndProject
Global
	GlobalSection(SolutionConfigurationPlatforms) = preSolution
		Debug|Any CPU = Debug|Any CPU
		Release|Any CPU = Release|Any CPU
	EndGlobalSection
	GlobalSection(ProjectConfigurationPlatforms) = postSolution
		{813085E9-F42C-4BFD-AC57-D264FDAC2468}.Debug|Any CPU.ActiveCfg = Debug|Any CPU
		{813085E9-F42C-4BFD-AC57-D264FDAC2468}.Debug|Any CPU.Build.0 = Debug|Any CPU
		{813085E9-F42C-4BFD-AC57-D264FDAC2468}.Release|Any CPU.ActiveCfg = Release|Any CPU
		{813085E9-F42C-4BFD-AC57-D264FDAC2468}.Release|Any CPU.Build.0 = Release|Any CPU
	EndGlobalSection
	GlobalSection(SolutionProperties) = preSolution
		HideSolutionNode = FALSE
	EndGlobalSection
	GlobalSection(ExtensibilityGlobals) = postSolution
		SolutionGuid = {7CE8874F-65A9-49EA-9567-CCAF2AFED28C}
	EndGlobalSection
EndGlobal
